
Microsoft Visual Studio Solution File, Format Version 12.00
# Visual Studio Version 17
VisualStudioVersion = 17.3.32929.385
MinimumVisualStudioVersion = 10.0.40219.1
Project("{FAE04EC0-301F-11D3-BF4B-00C04F79EFBC}") = "Task1", "Task1\Task1.csproj", "{2E516061-2FE6-4A69-92CB-59E340076EA6}"
EndProject
Project("{FAE04EC0-301F-11D3-BF4B-00C04F79EFBC}") = "Task2", "Task2\Task2.csproj", "{33856B12-0789-4D43-9D8C-C7BCAB5C2AC3}"
EndProject
Global
	GlobalSection(SolutionConfigurationPlatforms) = preSolution
		Debug|Any CPU = Debug|Any CPU
		Release|Any CPU = Release|Any CPU
	EndGlobalSection
	GlobalSection(ProjectConfigurationPlatforms) = postSolution
		{2E516061-2FE6-4A69-92CB-59E340076EA6}.Debug|Any CPU.ActiveCfg = Debug|Any CPU
		{2E516061-2FE6-4A69-92CB-59E340076EA6}.Debug|Any CPU.Build.0 = Debug|Any CPU
		{2E516061-2FE6-4A69-92CB-59E340076EA6}.Release|Any CPU.ActiveCfg = Release|Any CPU
		{2E516061-2FE6-4A69-92CB-59E340076EA6}.Release|Any CPU.Build.0 = Release|Any CPU
		{33856B12-0789-4D43-9D8C-C7BCAB5C2AC3}.Debug|Any CPU.ActiveCfg = Debug|Any CPU
		{33856B12-0789-4D43-9D8C-C7BCAB5C2AC3}.Debug|Any CPU.Build.0 = Debug|Any CPU
		{33856B12-0789-4D43-9D8C-C7BCAB5C2AC3}.Release|Any CPU.ActiveCfg = Release|Any CPU
		{33856B12-0789-4D43-9D8C-C7BCAB5C2AC3}.Release|Any CPU.Build.0 = Release|Any CPU
	EndGlobalSection
	GlobalSection(SolutionProperties) = preSolution
		HideSolutionNode = FALSE
	EndGlobalSection
	GlobalSection(ExtensibilityGlobals) = postSolution
		SolutionGuid = {8C015AF8-6838-4A05-AAF0-87D8C19F30A8}
	EndGlobalSection
EndGlobal
